
Microsoft Visual Studio Solution File, Format Version 12.00
# Visual Studio 15
VisualStudioVersion = 15.0.28010.2036
MinimumVisualStudioVersion = 10.0.40219.1
Project("{FAE04EC0-301F-11D3-BF4B-00C04F79EFBC}") = "TeamDevProject", "TeamDevProject\TeamDevProject.csproj", "{DF6BAF70-5BD5-4528-BDF8-9ABE6777FD63}"
EndProject
Project("{FAE04EC0-301F-11D3-BF4B-00C04F79EFBC}") = "UnitTests", "UnitTests\UnitTests.csproj", "{D88CF767-5AC6-49FB-9043-6078218D9593}"
EndProject
Global
	GlobalSection(SolutionConfigurationPlatforms) = preSolution
		Debug|Any CPU = Debug|Any CPU
		Release|Any CPU = Release|Any CPU
	EndGlobalSection
	GlobalSection(ProjectConfigurationPlatforms) = postSolution
		{DF6BAF70-5BD5-4528-BDF8-9ABE6777FD63}.Debug|Any CPU.ActiveCfg = Debug|Any CPU
		{DF6BAF70-5BD5-4528-BDF8-9ABE6777FD63}.Debug|Any CPU.Build.0 = Debug|Any CPU
		{DF6BAF70-5BD5-4528-BDF8-9ABE6777FD63}.Release|Any CPU.ActiveCfg = Release|Any CPU
		{DF6BAF70-5BD5-4528-BDF8-9ABE6777FD63}.Release|Any CPU.Build.0 = Release|Any CPU
		{D88CF767-5AC6-49FB-9043-6078218D9593}.Debug|Any CPU.ActiveCfg = Debug|Any CPU
		{D88CF767-5AC6-49FB-9043-6078218D9593}.Debug|Any CPU.Build.0 = Debug|Any CPU
		{D88CF767-5AC6-49FB-9043-6078218D9593}.Release|Any CPU.ActiveCfg = Release|Any CPU
		{D88CF767-5AC6-49FB-9043-6078218D9593}.Release|Any CPU.Build.0 = Release|Any CPU
	EndGlobalSection
	GlobalSection(SolutionProperties) = preSolution
		HideSolutionNode = FALSE
	EndGlobalSection
	GlobalSection(ExtensibilityGlobals) = postSolution
		SolutionGuid = {8AE536B3-8DB7-43E4-9D56-037C1DCC777E}
	EndGlobalSection
EndGlobal
